
Microsoft Visual Studio Solution File, Format Version 12.00
# Visual Studio 2013
VisualStudioVersion = 12.0.31101.0
MinimumVisualStudioVersion = 10.0.40219.1
Project("{FAE04EC0-301F-11D3-BF4B-00C04F79EFBC}") = "FEuler", "FEuler\FEuler.csproj", "{8EDD0AD0-4832-4955-88C3-873003861373}"
EndProject
Project("{FAE04EC0-301F-11D3-BF4B-00C04F79EFBC}") = "FEuler.Domain", "FEuler.Domain\FEuler.Domain.csproj", "{B340219B-967B-4C90-B458-71864823DE65}"
EndProject
Project("{F2A71F9B-5D33-465A-A702-920D77279786}") = "FEuler.Core", "FEuler.Core\FEuler.Core.fsproj", "{AF711FCD-9522-4ADD-B541-6FE6985903C7}"
EndProject
Global
	GlobalSection(SolutionConfigurationPlatforms) = preSolution
		Debug|Any CPU = Debug|Any CPU
		Release|Any CPU = Release|Any CPU
	EndGlobalSection
	GlobalSection(ProjectConfigurationPlatforms) = postSolution
		{8EDD0AD0-4832-4955-88C3-873003861373}.Debug|Any CPU.ActiveCfg = Debug|Any CPU
		{8EDD0AD0-4832-4955-88C3-873003861373}.Debug|Any CPU.Build.0 = Debug|Any CPU
		{8EDD0AD0-4832-4955-88C3-873003861373}.Release|Any CPU.ActiveCfg = Release|Any CPU
		{8EDD0AD0-4832-4955-88C3-873003861373}.Release|Any CPU.Build.0 = Release|Any CPU
		{B340219B-967B-4C90-B458-71864823DE65}.Debug|Any CPU.ActiveCfg = Debug|Any CPU
		{B340219B-967B-4C90-B458-71864823DE65}.Debug|Any CPU.Build.0 = Debug|Any CPU
		{B340219B-967B-4C90-B458-71864823DE65}.Release|Any CPU.ActiveCfg = Release|Any CPU
		{B340219B-967B-4C90-B458-71864823DE65}.Release|Any CPU.Build.0 = Release|Any CPU
		{AF711FCD-9522-4ADD-B541-6FE6985903C7}.Debug|Any CPU.ActiveCfg = Debug|Any CPU
		{AF711FCD-9522-4ADD-B541-6FE6985903C7}.Debug|Any CPU.Build.0 = Debug|Any CPU
		{AF711FCD-9522-4ADD-B541-6FE6985903C7}.Release|Any CPU.ActiveCfg = Release|Any CPU
		{AF711FCD-9522-4ADD-B541-6FE6985903C7}.Release|Any CPU.Build.0 = Release|Any CPU
	EndGlobalSection
	GlobalSection(SolutionProperties) = preSolution
		HideSolutionNode = FALSE
	EndGlobalSection
EndGlobal
